
Microsoft Visual Studio Solution File, Format Version 12.00
Project("{FAE04EC0-301F-11D3-BF4B-00C04F79EFBC}") = "T0", "T0\T0.csproj", "{3278AF22-C21B-44CE-9FB7-74D48750CC3E}"
EndProject
Project("{FAE04EC0-301F-11D3-BF4B-00C04F79EFBC}") = "T1", "T1\T1.csproj", "{14D3E943-E668-468C-ACC0-FAD107FDF137}"
EndProject
Project("{FAE04EC0-301F-11D3-BF4B-00C04F79EFBC}") = "T2", "T2\T2.csproj", "{0AE94E42-DEBD-4FD8-9F2B-A6EE0BB00E9C}"
EndProject
Project("{FAE04EC0-301F-11D3-BF4B-00C04F79EFBC}") = "T3", "T3\T3.csproj", "{2C8A245B-4335-4610-8081-C76395265E38}"
EndProject
Project("{FAE04EC0-301F-11D3-BF4B-00C04F79EFBC}") = "T4", "T4\T4.csproj", "{DE601DF5-F191-4C08-9BA9-7B00310FC25B}"
EndProject
Global
	GlobalSection(SolutionConfigurationPlatforms) = preSolution
		Debug|Any CPU = Debug|Any CPU
		Release|Any CPU = Release|Any CPU
	EndGlobalSection
	GlobalSection(ProjectConfigurationPlatforms) = postSolution
		{3278AF22-C21B-44CE-9FB7-74D48750CC3E}.Debug|Any CPU.ActiveCfg = Debug|Any CPU
		{3278AF22-C21B-44CE-9FB7-74D48750CC3E}.Debug|Any CPU.Build.0 = Debug|Any CPU
		{3278AF22-C21B-44CE-9FB7-74D48750CC3E}.Release|Any CPU.ActiveCfg = Release|Any CPU
		{3278AF22-C21B-44CE-9FB7-74D48750CC3E}.Release|Any CPU.Build.0 = Release|Any CPU
		{14D3E943-E668-468C-ACC0-FAD107FDF137}.Debug|Any CPU.ActiveCfg = Debug|Any CPU
		{14D3E943-E668-468C-ACC0-FAD107FDF137}.Debug|Any CPU.Build.0 = Debug|Any CPU
		{14D3E943-E668-468C-ACC0-FAD107FDF137}.Release|Any CPU.ActiveCfg = Release|Any CPU
		{14D3E943-E668-468C-ACC0-FAD107FDF137}.Release|Any CPU.Build.0 = Release|Any CPU
		{0AE94E42-DEBD-4FD8-9F2B-A6EE0BB00E9C}.Debug|Any CPU.ActiveCfg = Debug|Any CPU
		{0AE94E42-DEBD-4FD8-9F2B-A6EE0BB00E9C}.Debug|Any CPU.Build.0 = Debug|Any CPU
		{0AE94E42-DEBD-4FD8-9F2B-A6EE0BB00E9C}.Release|Any CPU.ActiveCfg = Release|Any CPU
		{0AE94E42-DEBD-4FD8-9F2B-A6EE0BB00E9C}.Release|Any CPU.Build.0 = Release|Any CPU
		{2C8A245B-4335-4610-8081-C76395265E38}.Debug|Any CPU.ActiveCfg = Debug|Any CPU
		{2C8A245B-4335-4610-8081-C76395265E38}.Debug|Any CPU.Build.0 = Debug|Any CPU
		{2C8A245B-4335-4610-8081-C76395265E38}.Release|Any CPU.ActiveCfg = Release|Any CPU
		{2C8A245B-4335-4610-8081-C76395265E38}.Release|Any CPU.Build.0 = Release|Any CPU
		{DE601DF5-F191-4C08-9BA9-7B00310FC25B}.Debug|Any CPU.ActiveCfg = Debug|Any CPU
		{DE601DF5-F191-4C08-9BA9-7B00310FC25B}.Debug|Any CPU.Build.0 = Debug|Any CPU
		{DE601DF5-F191-4C08-9BA9-7B00310FC25B}.Release|Any CPU.ActiveCfg = Release|Any CPU
		{DE601DF5-F191-4C08-9BA9-7B00310FC25B}.Release|Any CPU.Build.0 = Release|Any CPU
	EndGlobalSection
EndGlobal
